
Microsoft Visual Studio Solution File, Format Version 12.00
# Visual Studio Version 17
VisualStudioVersion = 17.6.33723.286
MinimumVisualStudioVersion = 10.0.40219.1
Project("{FAE04EC0-301F-11D3-BF4B-00C04F79EFBC}") = "Pokedex", "Pokedex\Pokedex.csproj", "{34F58536-6A0C-467A-8FFF-9195A168B933}"
EndProject
Global
	GlobalSection(SolutionConfigurationPlatforms) = preSolution
		Debug|Any CPU = Debug|Any CPU
		Release|Any CPU = Release|Any CPU
	EndGlobalSection
	GlobalSection(ProjectConfigurationPlatforms) = postSolution
		{34F58536-6A0C-467A-8FFF-9195A168B933}.Debug|Any CPU.ActiveCfg = Debug|Any CPU
		{34F58536-6A0C-467A-8FFF-9195A168B933}.Debug|Any CPU.Build.0 = Debug|Any CPU
		{34F58536-6A0C-467A-8FFF-9195A168B933}.Release|Any CPU.ActiveCfg = Release|Any CPU
		{34F58536-6A0C-467A-8FFF-9195A168B933}.Release|Any CPU.Build.0 = Release|Any CPU
	EndGlobalSection
	GlobalSection(SolutionProperties) = preSolution
		HideSolutionNode = FALSE
	EndGlobalSection
	GlobalSection(ExtensibilityGlobals) = postSolution
		SolutionGuid = {52186EC0-4BFA-457C-B852-420953F937AF}
	EndGlobalSection
EndGlobal
